{
  "lockfileVersion": 1,
  "configVersion": 1,
  "workspaces": {
    "": {
      "name": "mas-agents",
      "dependencies": {
        "@github/copilot-sdk": "latest",
      },
      "devDependencies": {
        "bun-types": "^1.3.10",
      },
    },
  },
  "packages": {
    "@github/copilot": ["@github/copilot@1.0.5", "", { "optionalDependencies": { "@github/copilot-darwin-arm64": "1.0.5", "@github/copilot-darwin-x64": "1.0.5", "@github/copilot-linux-arm64": "1.0.5", "@github/copilot-linux-x64": "1.0.5", "@github/copilot-win32-arm64": "1.0.5", "@github/copilot-win32-x64": "1.0.5" }, "bin": { "copilot": "npm-loader.js" } }, "sha512-lQGN1/qw7gJRT+lSW1U79Ltrf9rkF6UP8FcEb0hGEf9hq0K8/MaulzK+iDtH/gwXYweFXID29E3QlwSqbdsHqQ=="],

    "@github/copilot-darwin-arm64": ["@github/copilot-darwin-arm64@1.0.5", "", { "os": "darwin", "cpu": "arm64", "bin": { "copilot-darwin-arm64": "copilot" } }, "sha512-XBwo8t5higPXzCvXVYkADImixt9k8P2XsflWup2b86x9KtcssYTcfEWWIg42AOCe8J/OJRJN2MMTQuWt5aeK9w=="],

    "@github/copilot-darwin-x64": ["@github/copilot-darwin-x64@1.0.5", "", { "os": "darwin", "cpu": "x64", "bin": { "copilot-darwin-x64": "copilot" } }, "sha512-zUlMEKct5oPk/ImnYKz+fUjI9xfIwRE2/WI8BrpuDDe16aFDW2Co/6WFFr5rgYcXoGX2Jm8HT563UUxaFbnnOA=="],

    "@github/copilot-linux-arm64": ["@github/copilot-linux-arm64@1.0.5", "", { "os": "linux", "cpu": "arm64", "bin": { "copilot-linux-arm64": "copilot" } }, "sha512-Rp5Key6IBcm00K3+yc8rga3IXaJKN7mwYtP/mpkCKaJJp7izpJK7Z7Dr1slb63Z3yCAyPwMeYlE+adFCwlnYUA=="],

    "@github/copilot-linux-x64": ["@github/copilot-linux-x64@1.0.5", "", { "os": "linux", "cpu": "x64", "bin": { "copilot-linux-x64": "copilot" } }, "sha512-ZEKOi57SUo3Ds2ZeYkIkHJ9MJA0Im1i04i0vdAPKH5Xibb2AC6I2EHO2dU/MWwqIeXoK5QDRh0r0Gs+BkHA/dg=="],

    "@github/copilot-sdk": ["@github/copilot-sdk@0.1.32", "", { "dependencies": { "@github/copilot": "^1.0.2", "vscode-jsonrpc": "^8.2.1", "zod": "^4.3.6" } }, "sha512-mPWM0fw1Gqc/SW8nl45K8abrFH+92fO7y6tRtRl5imjS5hGapLf/dkX5WDrgPtlsflD0c41lFXVUri5NVJwtoA=="],

    "@github/copilot-win32-arm64": ["@github/copilot-win32-arm64@1.0.5", "", { "os": "win32", "cpu": "arm64", "bin": { "copilot-win32-arm64": "copilot.exe" } }, "sha512-pkhuKJZ1AcRAkVS2OO4BEBfMovGSuGWem4isBq+cgRDtuXRfRiZuc88Z9WcrtDCCwpdLx9rSYPVSWQG5fvupPQ=="],

    "@github/copilot-win32-x64": ["@github/copilot-win32-x64@1.0.5", "", { "os": "win32", "cpu": "x64", "bin": { "copilot-win32-x64": "copilot.exe" } }, "sha512-x6PWG80uCuCI+IgCLD1fnBJtfuf9nMBzJwOcMlFwjRtHduV/V9OOW3c89ooGwh/lRhCatAP5GxZGTyC7AJR3kQ=="],

    "@types/node": ["@types/node@25.5.0", "", { "dependencies": { "undici-types": "~7.18.0" } }, "sha512-jp2P3tQMSxWugkCUKLRPVUpGaL5MVFwF8RDuSRztfwgN1wmqJeMSbKlnEtQqU8UrhTmzEmZdu2I6v2dpp7XIxw=="],

    "bun-types": ["bun-types@1.3.10", "", { "dependencies": { "@types/node": "*" } }, "sha512-tcpfCCl6XWo6nCVnpcVrxQ+9AYN1iqMIzgrSKYMB/fjLtV2eyAVEg7AxQJuCq/26R6HpKWykQXuSOq/21RYcbg=="],

    "undici-types": ["undici-types@7.18.2", "", {}, "sha512-AsuCzffGHJybSaRrmr5eHr81mwJU3kjw6M+uprWvCXiNeN9SOGwQ3Jn8jb8m3Z6izVgknn1R0FTCEAP2QrLY/w=="],

    "vscode-jsonrpc": ["vscode-jsonrpc@8.2.1", "", {}, "sha512-kdjOSJ2lLIn7r1rtrMbbNCHjyMPfRnowdKjBQ+mGq6NAW5QY2bEZC/khaC5OR8svbbjvLEaIXkOq45e2X9BIbQ=="],

    "zod": ["zod@4.3.6", "", {}, "sha512-rftlrkhHZOcjDwkGlnUtZZkvaPHCsDATp4pGpuOOMDaTdDDXF91wuVDJoWoPsKX/3YPQ5fHuF3STjcYyKr+Qhg=="],
  }
}
